<?xml version="1.0" encoding="utf-8"?>
<Project ToolsVersion="4.0" xmlns="http://schemas.microsoft.com/developer/msbuild/2003">
  <ItemGroup>
    <Filter Include="Source Files">
      <UniqueIdentifier>{4FC737F1-C7A5-4376-A066-2A32D752A2FF}</UniqueIdentifier>
      <Extensions>cpp;c;cc;cxx;def;odl;idl;hpj;bat;asm;asmx</Extensions>
    </Filter>
    <Filter Include="Header Files">
      <UniqueIdentifier>{93995380-89BD-4b04-88EB-625FBE52EBFB}</UniqueIdentifier>
      <Extensions>h;hpp;hxx;hm;inl;inc;xsd</Extensions>
    </Filter>
    <Filter Include="Resource Files">
      <UniqueIdentifier>{67DA6AB6-F800-4c08-8B7A-83BB121AAD01}</UniqueIdentifier>
      <Extensions>rc;ico;cur;bmp;dlg;rc2;rct;bin;rgs;gif;jpg;jpeg;jpe;resx;tiff;tif;png;wav;mfcribbon-ms</Extensions>
    </Filter>
    <Filter Include="Header Files\JSON">
      <UniqueIdentifier>{36fb288e-8a74-4fdd-8f8c-d8da64107ca1}</UniqueIdentifier>
    </Filter>
    <Filter Include="Source Files\JSON">
      <UniqueIdentifier>{e98a447c-d18a-49be-8f1c-4cfeeb28ac07}</UniqueIdentifier>
    </Filter>
  </ItemGroup>
  <ItemGroup>
    <ClInclude Include="..\JSON\autolink.h">
      <Filter>Header Files\JSON</Filter>
    </ClInclude>
    <ClInclude Include="..\JSON\config.h">
      <Filter>Header Files\JSON</Filter>
    </ClInclude>
    <ClInclude Include="..\JSON\features.h">
      <Filter>Header Files\JSON</Filter>
    </ClInclude>
    <ClInclude Include="..\JSON\forwards.h">
      <Filter>Header Files\JSON</Filter>
    </ClInclude>
    <ClInclude Include="..\JSON\json.h">
      <Filter>Header Files\JSON</Filter>
    </ClInclude>
    <ClInclude Include="..\JSON\json_batchallocator.h">
      <Filter>Header Files\JSON</Filter>
    </ClInclude>
    <ClInclude Include="..\JSON\json_tool.h">
      <Filter>Header Files\JSON</Filter>
    </ClInclude>
    <ClInclude Include="..\JSON\reader.h">
      <Filter>Header Files\JSON</Filter>
    </ClInclude>
    <ClInclude Include="..\JSON\value.h">
      <Filter>Header Files\JSON</Filter>
    </ClInclude>
    <ClInclude Include="..\JSON\writer.h">
      <Filter>Header Files\JSON</Filter>
    </ClInclude>
    <ClInclude Include="..\Common\JSONUtilities.h">
      <Filter>Header Files</Filter>
    </ClInclude>
    <ClInclude Include="..\Common\NamedDataPipe.h">
      <Filter>Header Files</Filter>
    </ClInclude>
    <ClInclude Include="..\Common\ProcessMessage.h">
      <Filter>Header Files</Filter>
    </ClInclude>
    <ClInclude Include="src\CefV8Utilties.h">
      <Filter>Header Files</Filter>
    </ClInclude>
    <ClInclude Include="src\ClientApp.h">
      <Filter>Header Files</Filter>
    </ClInclude>
    <ClInclude Include="src\ClientRenderProcessHandler.h">
      <Filter>Header Files</Filter>
    </ClInclude>
    <ClInclude Include="src\ClientV8Handler.h">
      <Filter>Header Files</Filter>
    </ClInclude>
  </ItemGroup>
  <ItemGroup>
    <None Include="..\JSON\json_internalarray.inl">
      <Filter>Source Files\JSON</Filter>
    </None>
    <None Include="..\JSON\json_internalmap.inl">
      <Filter>Source Files\JSON</Filter>
    </None>
    <None Include="..\JSON\json_valueiterator.inl">
      <Filter>Source Files\JSON</Filter>
    </None>
  </ItemGroup>
  <ItemGroup>
    <ClCompile Include="..\JSON\json_reader.cpp">
      <Filter>Source Files\JSON</Filter>
    </ClCompile>
    <ClCompile Include="..\JSON\json_value.cpp">
      <Filter>Source Files\JSON</Filter>
    </ClCompile>
    <ClCompile Include="..\JSON\json_writer.cpp">
      <Filter>Source Files\JSON</Filter>
    </ClCompile>
    <ClCompile Include="..\Common\JSONUtilities.cpp">
      <Filter>Source Files</Filter>
    </ClCompile>
    <ClCompile Include="..\Common\NamedDataPipe.cpp">
      <Filter>Source Files</Filter>
    </ClCompile>
    <ClCompile Include="src\CEFSubProcess.cpp">
      <Filter>Source Files</Filter>
    </ClCompile>
    <ClCompile Include="src\CefV8Utilities.cpp">
      <Filter>Source Files</Filter>
    </ClCompile>
    <ClCompile Include="src\ClientApp.cpp">
      <Filter>Source Files</Filter>
    </ClCompile>
    <ClCompile Include="src\ClientRenderProcessHandler.cpp">
      <Filter>Source Files</Filter>
    </ClCompile>
    <ClCompile Include="src\ClientV8Handler.cpp">
      <Filter>Source Files</Filter>
    </ClCompile>
  </ItemGroup>
</Project>