<?xml version="1.0" encoding="utf-8"?>
<Project ToolsVersion="4.0" xmlns="http://schemas.microsoft.com/developer/msbuild/2003">
  <ItemGroup>
    <Filter Include="Source Files">
      <UniqueIdentifier>{4FC737F1-C7A5-4376-A066-2A32D752A2FF}</UniqueIdentifier>
      <Extensions>cpp;c;cc;cxx;def;odl;idl;hpj;bat;asm;asmx</Extensions>
    </Filter>
    <Filter Include="Header Files">
      <UniqueIdentifier>{93995380-89BD-4b04-88EB-625FBE52EBFB}</UniqueIdentifier>
      <Extensions>h;hpp;hxx;hm;inl;inc;xsd</Extensions>
    </Filter>
    <Filter Include="Resource Files">
      <UniqueIdentifier>{67DA6AB6-F800-4c08-8B7A-83BB121AAD01}</UniqueIdentifier>
      <Extensions>rc;ico;cur;bmp;dlg;rc2;rct;bin;rgs;gif;jpg;jpeg;jpe;resx;tiff;tif;png;wav;mfcribbon-ms</Extensions>
    </Filter>
    <Filter Include="Header Files\JSON">
      <UniqueIdentifier>{ce0196fd-e80d-4ab0-952f-7ffa8f81d1fe}</UniqueIdentifier>
    </Filter>
    <Filter Include="Source Files\JSON">
      <UniqueIdentifier>{e6338d52-af09-4d8d-bdc8-67a48bd66e60}</UniqueIdentifier>
    </Filter>
  </ItemGroup>
  <ItemGroup>
    <ClInclude Include="src\ClientApp.h">
      <Filter>Header Files</Filter>
    </ClInclude>
    <ClInclude Include="src\ClientBrowserProcessHandler.h">
      <Filter>Header Files</Filter>
    </ClInclude>
    <ClInclude Include="src\ClientContextMenuHandler.h">
      <Filter>Header Files</Filter>
    </ClInclude>
    <ClInclude Include="src\ClientDisplayHandler.h">
      <Filter>Header Files</Filter>
    </ClInclude>
    <ClInclude Include="src\ClientDownloadHandler.h">
      <Filter>Header Files</Filter>
    </ClInclude>
    <ClInclude Include="src\ClientHandler.h">
      <Filter>Header Files</Filter>
    </ClInclude>
    <ClInclude Include="src\ClientLifeSpanHandler.h">
      <Filter>Header Files</Filter>
    </ClInclude>
    <ClInclude Include="src\ClientLoadHandler.h">
      <Filter>Header Files</Filter>
    </ClInclude>
    <ClInclude Include="src\ClientRequestHandler.h">
      <Filter>Header Files</Filter>
    </ClInclude>
    <ClInclude Include="src\JNIUtilities.h">
      <Filter>Header Files</Filter>
    </ClInclude>
    <ClInclude Include="src\N_Cef.h">
      <Filter>Header Files</Filter>
    </ClInclude>
    <ClInclude Include="src\N_CefBrowser.h">
      <Filter>Header Files</Filter>
    </ClInclude>
    <ClInclude Include="..\JSON\autolink.h">
      <Filter>Header Files\JSON</Filter>
    </ClInclude>
    <ClInclude Include="..\JSON\config.h">
      <Filter>Header Files\JSON</Filter>
    </ClInclude>
    <ClInclude Include="..\JSON\features.h">
      <Filter>Header Files\JSON</Filter>
    </ClInclude>
    <ClInclude Include="..\JSON\forwards.h">
      <Filter>Header Files\JSON</Filter>
    </ClInclude>
    <ClInclude Include="..\JSON\json.h">
      <Filter>Header Files\JSON</Filter>
    </ClInclude>
    <ClInclude Include="..\JSON\json_batchallocator.h">
      <Filter>Header Files\JSON</Filter>
    </ClInclude>
    <ClInclude Include="..\JSON\json_tool.h">
      <Filter>Header Files\JSON</Filter>
    </ClInclude>
    <ClInclude Include="..\JSON\reader.h">
      <Filter>Header Files\JSON</Filter>
    </ClInclude>
    <ClInclude Include="..\JSON\value.h">
      <Filter>Header Files\JSON</Filter>
    </ClInclude>
    <ClInclude Include="..\JSON\writer.h">
      <Filter>Header Files\JSON</Filter>
    </ClInclude>
    <ClInclude Include="..\Common\JSONUtilities.h">
      <Filter>Header Files</Filter>
    </ClInclude>
    <ClInclude Include="..\Common\NamedDataPipe.h">
      <Filter>Header Files</Filter>
    </ClInclude>
    <ClInclude Include="..\Common\ProcessMessage.h">
      <Filter>Header Files</Filter>
    </ClInclude>
    <ClInclude Include="src\ClientDragHandler.h">
      <Filter>Header Files</Filter>
    </ClInclude>
    <ClInclude Include="src\ClientKeyboardHandler.h">
      <Filter>Header Files</Filter>
    </ClInclude>
  </ItemGroup>
  <ItemGroup>
    <ClCompile Include="src\ClientApp.cpp">
      <Filter>Source Files</Filter>
    </ClCompile>
    <ClCompile Include="src\ClientBrowserProcessHandler.cpp">
      <Filter>Source Files</Filter>
    </ClCompile>
    <ClCompile Include="src\ClientContextMenuHandler.cpp">
      <Filter>Source Files</Filter>
    </ClCompile>
    <ClCompile Include="src\ClientDisplayHandler.cpp">
      <Filter>Source Files</Filter>
    </ClCompile>
    <ClCompile Include="src\ClientDownloadHandler.cpp">
      <Filter>Source Files</Filter>
    </ClCompile>
    <ClCompile Include="src\ClientHandler.cpp">
      <Filter>Source Files</Filter>
    </ClCompile>
    <ClCompile Include="src\ClientLifeSpanHandler.cpp">
      <Filter>Source Files</Filter>
    </ClCompile>
    <ClCompile Include="src\ClientLoadHandler.cpp">
      <Filter>Source Files</Filter>
    </ClCompile>
    <ClCompile Include="src\ClientRequestHandler.cpp">
      <Filter>Source Files</Filter>
    </ClCompile>
    <ClCompile Include="src\JNIUtilities.cpp">
      <Filter>Source Files</Filter>
    </ClCompile>
    <ClCompile Include="src\N_Cef.cpp">
      <Filter>Source Files</Filter>
    </ClCompile>
    <ClCompile Include="src\N_CefBrowser.cpp">
      <Filter>Source Files</Filter>
    </ClCompile>
    <ClCompile Include="..\JSON\json_reader.cpp">
      <Filter>Source Files\JSON</Filter>
    </ClCompile>
    <ClCompile Include="..\JSON\json_value.cpp">
      <Filter>Source Files\JSON</Filter>
    </ClCompile>
    <ClCompile Include="..\JSON\json_writer.cpp">
      <Filter>Source Files\JSON</Filter>
    </ClCompile>
    <ClCompile Include="..\Common\JSONUtilities.cpp">
      <Filter>Source Files</Filter>
    </ClCompile>
    <ClCompile Include="..\Common\NamedDataPipe.cpp">
      <Filter>Source Files</Filter>
    </ClCompile>
    <ClCompile Include="src\ClientDragHandler.cpp">
      <Filter>Source Files</Filter>
    </ClCompile>
    <ClCompile Include="src\ClientKeyboardHandler.cpp">
      <Filter>Source Files</Filter>
    </ClCompile>
  </ItemGroup>
  <ItemGroup>
    <None Include="..\JSON\json_internalarray.inl">
      <Filter>Source Files\JSON</Filter>
    </None>
    <None Include="..\JSON\json_internalmap.inl">
      <Filter>Source Files\JSON</Filter>
    </None>
    <None Include="..\JSON\json_valueiterator.inl">
      <Filter>Source Files\JSON</Filter>
    </None>
    <None Include="..\vc_macros.props" />
  </ItemGroup>
</Project>